Microsoft Visual Studio Solution File, Format Version 12.00
# Visual Studio Version 17
VisualStudioVersion = 17.5.2.0
MinimumVisualStudioVersion = 10.0.40219.1
Project("{FAE04EC0-301F-11D3-BF4B-00C04F79EFBC}") = "MeetVerse.Api", "MeetVerse.Api\MeetVerse.Api.csproj", "{FDDA88B9-CC9E-EDA4-EA14-F54F38DBD014}"
EndProject
Global
	GlobalSection(SolutionConfigurationPlatforms) = preSolution
		Debug|Any CPU = Debug|Any CPU
		Release|Any CPU = Release|Any CPU
	EndGlobalSection
	GlobalSection(ProjectConfigurationPlatforms) = postSolution
		{FDDA88B9-CC9E-EDA4-EA14-F54F38DBD014}.Debug|Any CPU.ActiveCfg = Debug|Any CPU
		{FDDA88B9-CC9E-EDA4-EA14-F54F38DBD014}.Debug|Any CPU.Build.0 = Debug|Any CPU
		{FDDA88B9-CC9E-EDA4-EA14-F54F38DBD014}.Release|Any CPU.ActiveCfg = Release|Any CPU
		{FDDA88B9-CC9E-EDA4-EA14-F54F38DBD014}.Release|Any CPU.Build.0 = Release|Any CPU
	EndGlobalSection
	GlobalSection(SolutionProperties) = preSolution
		HideSolutionNode = FALSE
	EndGlobalSection
	GlobalSection(ExtensibilityGlobals) = postSolution
		SolutionGuid = {F447989F-BB1F-41F3-B450-F465F78824F0}
	EndGlobalSection
EndGlobal
